
Microsoft Visual Studio Solution File, Format Version 12.00
# Visual Studio Version 16
VisualStudioVersion = 16.0.31313.79
MinimumVisualStudioVersion = 10.0.40219.1
Project("{9A19103F-16F7-4668-BE54-9A1E7A4F7556}") = "Accumulate", "Accumulate.csproj", "{421F9722-70AC-40A6-99FB-E250FCDC6805}"
EndProject
Global
	GlobalSection(SolutionConfigurationPlatforms) = preSolution
		Debug|Any CPU = Debug|Any CPU
		Release|Any CPU = Release|Any CPU
	EndGlobalSection
	GlobalSection(ProjectConfigurationPlatforms) = postSolution
		{421F9722-70AC-40A6-99FB-E250FCDC6805}.Debug|Any CPU.ActiveCfg = Debug|Any CPU
		{421F9722-70AC-40A6-99FB-E250FCDC6805}.Debug|Any CPU.Build.0 = Debug|Any CPU
		{421F9722-70AC-40A6-99FB-E250FCDC6805}.Release|Any CPU.ActiveCfg = Release|Any CPU
		{421F9722-70AC-40A6-99FB-E250FCDC6805}.Release|Any CPU.Build.0 = Release|Any CPU
	EndGlobalSection
	GlobalSection(SolutionProperties) = preSolution
		HideSolutionNode = FALSE
	EndGlobalSection
	GlobalSection(ExtensibilityGlobals) = postSolution
		SolutionGuid = {95256E3A-D8C0-49C5-A80F-B3C01016A4F3}
	EndGlobalSection
EndGlobal
