
Microsoft Visual Studio Solution File, Format Version 12.00
# Visual Studio Version 16
VisualStudioVersion = 16.0.31605.320
MinimumVisualStudioVersion = 10.0.40219.1
Project("{9A19103F-16F7-4668-BE54-9A1E7A4F7556}") = "LogLevels", "LogLevels.csproj", "{13077D50-AD61-4D04-8716-FD9929A1C1EC}"
EndProject
Global
	GlobalSection(SolutionConfigurationPlatforms) = preSolution
		Debug|Any CPU = Debug|Any CPU
		Release|Any CPU = Release|Any CPU
	EndGlobalSection
	GlobalSection(ProjectConfigurationPlatforms) = postSolution
		{13077D50-AD61-4D04-8716-FD9929A1C1EC}.Debug|Any CPU.ActiveCfg = Debug|Any CPU
		{13077D50-AD61-4D04-8716-FD9929A1C1EC}.Debug|Any CPU.Build.0 = Debug|Any CPU
		{13077D50-AD61-4D04-8716-FD9929A1C1EC}.Release|Any CPU.ActiveCfg = Release|Any CPU
		{13077D50-AD61-4D04-8716-FD9929A1C1EC}.Release|Any CPU.Build.0 = Release|Any CPU
	EndGlobalSection
	GlobalSection(SolutionProperties) = preSolution
		HideSolutionNode = FALSE
	EndGlobalSection
	GlobalSection(ExtensibilityGlobals) = postSolution
		SolutionGuid = {B1023078-E820-46E9-8B91-59978B000053}
	EndGlobalSection
EndGlobal
