
Microsoft Visual Studio Solution File, Format Version 12.00
# Visual Studio Version 16
VisualStudioVersion = 16.0.31313.79
MinimumVisualStudioVersion = 10.0.40219.1
Project("{9A19103F-16F7-4668-BE54-9A1E7A4F7556}") = "Etl", "Etl.csproj", "{830C7F9F-54D9-4AFB-AC31-358C186120EA}"
EndProject
Global
	GlobalSection(SolutionConfigurationPlatforms) = preSolution
		Debug|Any CPU = Debug|Any CPU
		Release|Any CPU = Release|Any CPU
	EndGlobalSection
	GlobalSection(ProjectConfigurationPlatforms) = postSolution
		{830C7F9F-54D9-4AFB-AC31-358C186120EA}.Debug|Any CPU.ActiveCfg = Debug|Any CPU
		{830C7F9F-54D9-4AFB-AC31-358C186120EA}.Debug|Any CPU.Build.0 = Debug|Any CPU
		{830C7F9F-54D9-4AFB-AC31-358C186120EA}.Release|Any CPU.ActiveCfg = Release|Any CPU
		{830C7F9F-54D9-4AFB-AC31-358C186120EA}.Release|Any CPU.Build.0 = Release|Any CPU
	EndGlobalSection
	GlobalSection(SolutionProperties) = preSolution
		HideSolutionNode = FALSE
	EndGlobalSection
	GlobalSection(ExtensibilityGlobals) = postSolution
		SolutionGuid = {6D42EC3C-CA18-42D7-BF32-5C0BBEE3D092}
	EndGlobalSection
EndGlobal
