
Microsoft Visual Studio Solution File, Format Version 12.00
# Visual Studio Version 17
VisualStudioVersion = 17.5.33414.496
MinimumVisualStudioVersion = 10.0.40219.1
Project("{9A19103F-16F7-4668-BE54-9A1E7A4F7556}") = "GoCounting", "GoCounting.csproj", "{68F26C5C-F62B-44E6-A8EF-B2E331FB8C5A}"
EndProject
Global
	GlobalSection(SolutionConfigurationPlatforms) = preSolution
		Debug|Any CPU = Debug|Any CPU
		Release|Any CPU = Release|Any CPU
	EndGlobalSection
	GlobalSection(ProjectConfigurationPlatforms) = postSolution
		{68F26C5C-F62B-44E6-A8EF-B2E331FB8C5A}.Debug|Any CPU.ActiveCfg = Debug|Any CPU
		{68F26C5C-F62B-44E6-A8EF-B2E331FB8C5A}.Debug|Any CPU.Build.0 = Debug|Any CPU
		{68F26C5C-F62B-44E6-A8EF-B2E331FB8C5A}.Release|Any CPU.ActiveCfg = Release|Any CPU
		{68F26C5C-F62B-44E6-A8EF-B2E331FB8C5A}.Release|Any CPU.Build.0 = Release|Any CPU
	EndGlobalSection
	GlobalSection(SolutionProperties) = preSolution
		HideSolutionNode = FALSE
	EndGlobalSection
	GlobalSection(ExtensibilityGlobals) = postSolution
		SolutionGuid = {BCF461A5-0265-4B5B-87AF-6E8F3C9EA9C5}
	EndGlobalSection
EndGlobal
