
Microsoft Visual Studio Solution File, Format Version 12.00
# Visual Studio Version 16
VisualStudioVersion = 16.0.31313.79
MinimumVisualStudioVersion = 10.0.40219.1
Project("{9A19103F-16F7-4668-BE54-9A1E7A4F7556}") = "Allergies", "Allergies.csproj", "{2C175B87-96EA-4153-AAC3-CC6D0C4C3BCC}"
EndProject
Global
	GlobalSection(SolutionConfigurationPlatforms) = preSolution
		Debug|Any CPU = Debug|Any CPU
		Release|Any CPU = Release|Any CPU
	EndGlobalSection
	GlobalSection(ProjectConfigurationPlatforms) = postSolution
		{2C175B87-96EA-4153-AAC3-CC6D0C4C3BCC}.Debug|Any CPU.ActiveCfg = Debug|Any CPU
		{2C175B87-96EA-4153-AAC3-CC6D0C4C3BCC}.Debug|Any CPU.Build.0 = Debug|Any CPU
		{2C175B87-96EA-4153-AAC3-CC6D0C4C3BCC}.Release|Any CPU.ActiveCfg = Release|Any CPU
		{2C175B87-96EA-4153-AAC3-CC6D0C4C3BCC}.Release|Any CPU.Build.0 = Release|Any CPU
	EndGlobalSection
	GlobalSection(SolutionProperties) = preSolution
		HideSolutionNode = FALSE
	EndGlobalSection
	GlobalSection(ExtensibilityGlobals) = postSolution
		SolutionGuid = {0474683B-D93B-4084-9AB3-65ABE09C69B8}
	EndGlobalSection
EndGlobal
