
Microsoft Visual Studio Solution File, Format Version 12.00
# Visual Studio Version 16
VisualStudioVersion = 16.0.31605.320
MinimumVisualStudioVersion = 10.0.40219.1
Project("{9A19103F-16F7-4668-BE54-9A1E7A4F7556}") = "HighSchoolSweethearts", "HighSchoolSweethearts.csproj", "{EEDB9255-B795-4584-B9C6-504195965440}"
EndProject
Global
	GlobalSection(SolutionConfigurationPlatforms) = preSolution
		Debug|Any CPU = Debug|Any CPU
		Release|Any CPU = Release|Any CPU
	EndGlobalSection
	GlobalSection(ProjectConfigurationPlatforms) = postSolution
		{EEDB9255-B795-4584-B9C6-504195965440}.Debug|Any CPU.ActiveCfg = Debug|Any CPU
		{EEDB9255-B795-4584-B9C6-504195965440}.Debug|Any CPU.Build.0 = Debug|Any CPU
		{EEDB9255-B795-4584-B9C6-504195965440}.Release|Any CPU.ActiveCfg = Release|Any CPU
		{EEDB9255-B795-4584-B9C6-504195965440}.Release|Any CPU.Build.0 = Release|Any CPU
	EndGlobalSection
	GlobalSection(SolutionProperties) = preSolution
		HideSolutionNode = FALSE
	EndGlobalSection
	GlobalSection(ExtensibilityGlobals) = postSolution
		SolutionGuid = {DFDC5C6E-3A36-48EA-A547-5D1DE626637D}
	EndGlobalSection
EndGlobal
