
Microsoft Visual Studio Solution File, Format Version 12.00
# Visual Studio Version 16
VisualStudioVersion = 16.0.31702.278
MinimumVisualStudioVersion = 10.0.40219.1
Project("{9A19103F-16F7-4668-BE54-9A1E7A4F7556}") = "HyperiaForex", "HyperiaForex.csproj", "{A61DEBF9-358A-4090-AE49-33FF7EA5AEB6}"
EndProject
Global
	GlobalSection(SolutionConfigurationPlatforms) = preSolution
		Debug|Any CPU = Debug|Any CPU
		Release|Any CPU = Release|Any CPU
	EndGlobalSection
	GlobalSection(ProjectConfigurationPlatforms) = postSolution
		{A61DEBF9-358A-4090-AE49-33FF7EA5AEB6}.Debug|Any CPU.ActiveCfg = Debug|Any CPU
		{A61DEBF9-358A-4090-AE49-33FF7EA5AEB6}.Debug|Any CPU.Build.0 = Debug|Any CPU
		{A61DEBF9-358A-4090-AE49-33FF7EA5AEB6}.Release|Any CPU.ActiveCfg = Release|Any CPU
		{A61DEBF9-358A-4090-AE49-33FF7EA5AEB6}.Release|Any CPU.Build.0 = Release|Any CPU
	EndGlobalSection
	GlobalSection(SolutionProperties) = preSolution
		HideSolutionNode = FALSE
	EndGlobalSection
	GlobalSection(ExtensibilityGlobals) = postSolution
		SolutionGuid = {CA835A6C-D0AA-4D11-8624-C2DA89FCCCB9}
	EndGlobalSection
EndGlobal
