
Microsoft Visual Studio Solution File, Format Version 12.00
# Visual Studio Version 16
VisualStudioVersion = 16.0.31702.278
MinimumVisualStudioVersion = 10.0.40219.1
Project("{9A19103F-16F7-4668-BE54-9A1E7A4F7556}") = "LandGrabInSpace", "LandGrabInSpace.csproj", "{4AC8D0AF-F054-4682-AFB9-ADAE82BDC548}"
EndProject
Global
	GlobalSection(SolutionConfigurationPlatforms) = preSolution
		Debug|Any CPU = Debug|Any CPU
		Release|Any CPU = Release|Any CPU
	EndGlobalSection
	GlobalSection(ProjectConfigurationPlatforms) = postSolution
		{4AC8D0AF-F054-4682-AFB9-ADAE82BDC548}.Debug|Any CPU.ActiveCfg = Debug|Any CPU
		{4AC8D0AF-F054-4682-AFB9-ADAE82BDC548}.Debug|Any CPU.Build.0 = Debug|Any CPU
		{4AC8D0AF-F054-4682-AFB9-ADAE82BDC548}.Release|Any CPU.ActiveCfg = Release|Any CPU
		{4AC8D0AF-F054-4682-AFB9-ADAE82BDC548}.Release|Any CPU.Build.0 = Release|Any CPU
	EndGlobalSection
	GlobalSection(SolutionProperties) = preSolution
		HideSolutionNode = FALSE
	EndGlobalSection
	GlobalSection(ExtensibilityGlobals) = postSolution
		SolutionGuid = {5BFD28D2-CD47-4568-A68C-76D0B2EC9ACC}
	EndGlobalSection
EndGlobal
