
Microsoft Visual Studio Solution File, Format Version 12.00
# Visual Studio Version 16
VisualStudioVersion = 16.0.31729.503
MinimumVisualStudioVersion = 10.0.40219.1
Project("{9A19103F-16F7-4668-BE54-9A1E7A4F7556}") = "RestApi", "RestApi.csproj", "{F40DB564-6393-4CF0-9812-D0E253632E9D}"
EndProject
Global
	GlobalSection(SolutionConfigurationPlatforms) = preSolution
		Debug|Any CPU = Debug|Any CPU
		Release|Any CPU = Release|Any CPU
	EndGlobalSection
	GlobalSection(ProjectConfigurationPlatforms) = postSolution
		{F40DB564-6393-4CF0-9812-D0E253632E9D}.Debug|Any CPU.ActiveCfg = Debug|Any CPU
		{F40DB564-6393-4CF0-9812-D0E253632E9D}.Debug|Any CPU.Build.0 = Debug|Any CPU
		{F40DB564-6393-4CF0-9812-D0E253632E9D}.Release|Any CPU.ActiveCfg = Release|Any CPU
		{F40DB564-6393-4CF0-9812-D0E253632E9D}.Release|Any CPU.Build.0 = Release|Any CPU
	EndGlobalSection
	GlobalSection(SolutionProperties) = preSolution
		HideSolutionNode = FALSE
	EndGlobalSection
	GlobalSection(ExtensibilityGlobals) = postSolution
		SolutionGuid = {72A42A4D-7253-403A-B66B-7D63306CFAF6}
	EndGlobalSection
EndGlobal
