
Microsoft Visual Studio Solution File, Format Version 12.00
# Visual Studio Version 16
VisualStudioVersion = 16.0.31313.79
MinimumVisualStudioVersion = 10.0.40219.1
Project("{9A19103F-16F7-4668-BE54-9A1E7A4F7556}") = "ComplexNumbers", "ComplexNumbers.csproj", "{DF54E8DB-662A-4A66-81FA-1E774084281E}"
EndProject
Global
	GlobalSection(SolutionConfigurationPlatforms) = preSolution
		Debug|Any CPU = Debug|Any CPU
		Release|Any CPU = Release|Any CPU
	EndGlobalSection
	GlobalSection(ProjectConfigurationPlatforms) = postSolution
		{DF54E8DB-662A-4A66-81FA-1E774084281E}.Debug|Any CPU.ActiveCfg = Debug|Any CPU
		{DF54E8DB-662A-4A66-81FA-1E774084281E}.Debug|Any CPU.Build.0 = Debug|Any CPU
		{DF54E8DB-662A-4A66-81FA-1E774084281E}.Release|Any CPU.ActiveCfg = Release|Any CPU
		{DF54E8DB-662A-4A66-81FA-1E774084281E}.Release|Any CPU.Build.0 = Release|Any CPU
	EndGlobalSection
	GlobalSection(SolutionProperties) = preSolution
		HideSolutionNode = FALSE
	EndGlobalSection
	GlobalSection(ExtensibilityGlobals) = postSolution
		SolutionGuid = {A7F82BF3-2AB2-42C3-848F-0E409DCEE0EC}
	EndGlobalSection
EndGlobal
