
Microsoft Visual Studio Solution File, Format Version 12.00
# Visual Studio Version 16
VisualStudioVersion = 16.0.31229.75
MinimumVisualStudioVersion = 10.0.40219.1
Project("{9A19103F-16F7-4668-BE54-9A1E7A4F7556}") = "ProteinTranslation", "ProteinTranslation.csproj", "{07F1F8C1-17DA-4145-BB01-A53752D6691D}"
EndProject
Global
	GlobalSection(SolutionConfigurationPlatforms) = preSolution
		Debug|Any CPU = Debug|Any CPU
		Release|Any CPU = Release|Any CPU
	EndGlobalSection
	GlobalSection(ProjectConfigurationPlatforms) = postSolution
		{07F1F8C1-17DA-4145-BB01-A53752D6691D}.Debug|Any CPU.ActiveCfg = Debug|Any CPU
		{07F1F8C1-17DA-4145-BB01-A53752D6691D}.Debug|Any CPU.Build.0 = Debug|Any CPU
		{07F1F8C1-17DA-4145-BB01-A53752D6691D}.Release|Any CPU.ActiveCfg = Release|Any CPU
		{07F1F8C1-17DA-4145-BB01-A53752D6691D}.Release|Any CPU.Build.0 = Release|Any CPU
	EndGlobalSection
	GlobalSection(SolutionProperties) = preSolution
		HideSolutionNode = FALSE
	EndGlobalSection
	GlobalSection(ExtensibilityGlobals) = postSolution
		SolutionGuid = {C8D86878-CB55-4E6C-ABF3-925FD9EFBAD8}
	EndGlobalSection
EndGlobal
