
Microsoft Visual Studio Solution File, Format Version 12.00
# Visual Studio Version 16
VisualStudioVersion = 16.0.31702.278
MinimumVisualStudioVersion = 10.0.40219.1
Project("{9A19103F-16F7-4668-BE54-9A1E7A4F7556}") = "ParsingLogFiles", "ParsingLogFiles.csproj", "{6DD539EA-D8EB-4CC2-9149-B2FC5667FDF9}"
EndProject
Global
	GlobalSection(SolutionConfigurationPlatforms) = preSolution
		Debug|Any CPU = Debug|Any CPU
		Release|Any CPU = Release|Any CPU
	EndGlobalSection
	GlobalSection(ProjectConfigurationPlatforms) = postSolution
		{6DD539EA-D8EB-4CC2-9149-B2FC5667FDF9}.Debug|Any CPU.ActiveCfg = Debug|Any CPU
		{6DD539EA-D8EB-4CC2-9149-B2FC5667FDF9}.Debug|Any CPU.Build.0 = Debug|Any CPU
		{6DD539EA-D8EB-4CC2-9149-B2FC5667FDF9}.Release|Any CPU.ActiveCfg = Release|Any CPU
		{6DD539EA-D8EB-4CC2-9149-B2FC5667FDF9}.Release|Any CPU.Build.0 = Release|Any CPU
	EndGlobalSection
	GlobalSection(SolutionProperties) = preSolution
		HideSolutionNode = FALSE
	EndGlobalSection
	GlobalSection(ExtensibilityGlobals) = postSolution
		SolutionGuid = {A34B0A63-80C5-42BF-B485-DD24883D1006}
	EndGlobalSection
EndGlobal
