
Microsoft Visual Studio Solution File, Format Version 12.00
# Visual Studio Version 17
VisualStudioVersion = 17.0.32126.317
MinimumVisualStudioVersion = 10.0.40219.1
Project("{9A19103F-16F7-4668-BE54-9A1E7A4F7556}") = "Grep", "Grep.csproj", "{D28ED6AF-D65A-4964-BE6B-7D41328AEBE6}"
EndProject
Global
	GlobalSection(SolutionConfigurationPlatforms) = preSolution
		Debug|Any CPU = Debug|Any CPU
		Release|Any CPU = Release|Any CPU
	EndGlobalSection
	GlobalSection(ProjectConfigurationPlatforms) = postSolution
		{D28ED6AF-D65A-4964-BE6B-7D41328AEBE6}.Debug|Any CPU.ActiveCfg = Debug|Any CPU
		{D28ED6AF-D65A-4964-BE6B-7D41328AEBE6}.Debug|Any CPU.Build.0 = Debug|Any CPU
		{D28ED6AF-D65A-4964-BE6B-7D41328AEBE6}.Release|Any CPU.ActiveCfg = Release|Any CPU
		{D28ED6AF-D65A-4964-BE6B-7D41328AEBE6}.Release|Any CPU.Build.0 = Release|Any CPU
	EndGlobalSection
	GlobalSection(SolutionProperties) = preSolution
		HideSolutionNode = FALSE
	EndGlobalSection
	GlobalSection(ExtensibilityGlobals) = postSolution
		SolutionGuid = {AECEF4A0-E6CF-4BA1-8303-7AFFD88597DC}
	EndGlobalSection
EndGlobal
