
Microsoft Visual Studio Solution File, Format Version 12.00
# Visual Studio Version 16
VisualStudioVersion = 16.0.31702.278
MinimumVisualStudioVersion = 10.0.40219.1
Project("{9A19103F-16F7-4668-BE54-9A1E7A4F7556}") = "CalculatorConundrum", "CalculatorConundrum.csproj", "{94D19127-10B0-4B8F-BF2C-5B619251156F}"
EndProject
Global
	GlobalSection(SolutionConfigurationPlatforms) = preSolution
		Debug|Any CPU = Debug|Any CPU
		Release|Any CPU = Release|Any CPU
	EndGlobalSection
	GlobalSection(ProjectConfigurationPlatforms) = postSolution
		{94D19127-10B0-4B8F-BF2C-5B619251156F}.Debug|Any CPU.ActiveCfg = Debug|Any CPU
		{94D19127-10B0-4B8F-BF2C-5B619251156F}.Debug|Any CPU.Build.0 = Debug|Any CPU
		{94D19127-10B0-4B8F-BF2C-5B619251156F}.Release|Any CPU.ActiveCfg = Release|Any CPU
		{94D19127-10B0-4B8F-BF2C-5B619251156F}.Release|Any CPU.Build.0 = Release|Any CPU
	EndGlobalSection
	GlobalSection(SolutionProperties) = preSolution
		HideSolutionNode = FALSE
	EndGlobalSection
	GlobalSection(ExtensibilityGlobals) = postSolution
		SolutionGuid = {ABCF042B-5375-4C06-AC5F-9B034AEEF3E0}
	EndGlobalSection
EndGlobal
