
Microsoft Visual Studio Solution File, Format Version 12.00
# Visual Studio Version 17
VisualStudioVersion = 17.5.33414.496
MinimumVisualStudioVersion = 10.0.40219.1
Project("{9A19103F-16F7-4668-BE54-9A1E7A4F7556}") = "Bowling", "Bowling.csproj", "{EAF07F6B-2ED3-4A7D-BC50-7027D227A047}"
EndProject
Global
	GlobalSection(SolutionConfigurationPlatforms) = preSolution
		Debug|Any CPU = Debug|Any CPU
		Release|Any CPU = Release|Any CPU
	EndGlobalSection
	GlobalSection(ProjectConfigurationPlatforms) = postSolution
		{EAF07F6B-2ED3-4A7D-BC50-7027D227A047}.Debug|Any CPU.ActiveCfg = Debug|Any CPU
		{EAF07F6B-2ED3-4A7D-BC50-7027D227A047}.Debug|Any CPU.Build.0 = Debug|Any CPU
		{EAF07F6B-2ED3-4A7D-BC50-7027D227A047}.Release|Any CPU.ActiveCfg = Release|Any CPU
		{EAF07F6B-2ED3-4A7D-BC50-7027D227A047}.Release|Any CPU.Build.0 = Release|Any CPU
	EndGlobalSection
	GlobalSection(SolutionProperties) = preSolution
		HideSolutionNode = FALSE
	EndGlobalSection
	GlobalSection(ExtensibilityGlobals) = postSolution
		SolutionGuid = {A59482E6-7E55-4E84-953D-4B792B1657D3}
	EndGlobalSection
EndGlobal
