
Microsoft Visual Studio Solution File, Format Version 12.00
# Visual Studio Version 16
VisualStudioVersion = 16.0.31605.320
MinimumVisualStudioVersion = 10.0.40219.1
Project("{9A19103F-16F7-4668-BE54-9A1E7A4F7556}") = "BeautySalonGoesGlobal", "BeautySalonGoesGlobal.csproj", "{271CBDF9-E7C5-4171-BDBE-B0CA75AEB077}"
EndProject
Global
	GlobalSection(SolutionConfigurationPlatforms) = preSolution
		Debug|Any CPU = Debug|Any CPU
		Release|Any CPU = Release|Any CPU
	EndGlobalSection
	GlobalSection(ProjectConfigurationPlatforms) = postSolution
		{271CBDF9-E7C5-4171-BDBE-B0CA75AEB077}.Debug|Any CPU.ActiveCfg = Debug|Any CPU
		{271CBDF9-E7C5-4171-BDBE-B0CA75AEB077}.Debug|Any CPU.Build.0 = Debug|Any CPU
		{271CBDF9-E7C5-4171-BDBE-B0CA75AEB077}.Release|Any CPU.ActiveCfg = Release|Any CPU
		{271CBDF9-E7C5-4171-BDBE-B0CA75AEB077}.Release|Any CPU.Build.0 = Release|Any CPU
	EndGlobalSection
	GlobalSection(SolutionProperties) = preSolution
		HideSolutionNode = FALSE
	EndGlobalSection
	GlobalSection(ExtensibilityGlobals) = postSolution
		SolutionGuid = {15EB06A5-23A5-4E73-91C4-96A72D3FFABE}
	EndGlobalSection
EndGlobal
