
Microsoft Visual Studio Solution File, Format Version 12.00
# Visual Studio Version 17
VisualStudioVersion = 17.5.33414.496
MinimumVisualStudioVersion = 10.0.40219.1
Project("{9A19103F-16F7-4668-BE54-9A1E7A4F7556}") = "LinkedList", "LinkedList.csproj", "{732A81BE-9C96-4BC4-8F9E-70C02FEFA883}"
EndProject
Global
	GlobalSection(SolutionConfigurationPlatforms) = preSolution
		Debug|Any CPU = Debug|Any CPU
		Release|Any CPU = Release|Any CPU
	EndGlobalSection
	GlobalSection(ProjectConfigurationPlatforms) = postSolution
		{732A81BE-9C96-4BC4-8F9E-70C02FEFA883}.Debug|Any CPU.ActiveCfg = Debug|Any CPU
		{732A81BE-9C96-4BC4-8F9E-70C02FEFA883}.Debug|Any CPU.Build.0 = Debug|Any CPU
		{732A81BE-9C96-4BC4-8F9E-70C02FEFA883}.Release|Any CPU.ActiveCfg = Release|Any CPU
		{732A81BE-9C96-4BC4-8F9E-70C02FEFA883}.Release|Any CPU.Build.0 = Release|Any CPU
	EndGlobalSection
	GlobalSection(SolutionProperties) = preSolution
		HideSolutionNode = FALSE
	EndGlobalSection
	GlobalSection(ExtensibilityGlobals) = postSolution
		SolutionGuid = {2A6E1F9F-86F4-49BB-8419-E5583819A13F}
	EndGlobalSection
EndGlobal
