
Microsoft Visual Studio Solution File, Format Version 12.00
# Visual Studio Version 17
VisualStudioVersion = 17.5.33414.496
MinimumVisualStudioVersion = 10.0.40219.1
Project("{9A19103F-16F7-4668-BE54-9A1E7A4F7556}") = "Dominoes", "Dominoes.csproj", "{923D3B45-C0E6-44A7-9554-403E10AFEC06}"
EndProject
Global
	GlobalSection(SolutionConfigurationPlatforms) = preSolution
		Debug|Any CPU = Debug|Any CPU
		Release|Any CPU = Release|Any CPU
	EndGlobalSection
	GlobalSection(ProjectConfigurationPlatforms) = postSolution
		{923D3B45-C0E6-44A7-9554-403E10AFEC06}.Debug|Any CPU.ActiveCfg = Debug|Any CPU
		{923D3B45-C0E6-44A7-9554-403E10AFEC06}.Debug|Any CPU.Build.0 = Debug|Any CPU
		{923D3B45-C0E6-44A7-9554-403E10AFEC06}.Release|Any CPU.ActiveCfg = Release|Any CPU
		{923D3B45-C0E6-44A7-9554-403E10AFEC06}.Release|Any CPU.Build.0 = Release|Any CPU
	EndGlobalSection
	GlobalSection(SolutionProperties) = preSolution
		HideSolutionNode = FALSE
	EndGlobalSection
	GlobalSection(ExtensibilityGlobals) = postSolution
		SolutionGuid = {83976614-9D36-4554-9B5B-4A3F97FD0D42}
	EndGlobalSection
EndGlobal
