
Microsoft Visual Studio Solution File, Format Version 12.00
# Visual Studio Version 16
VisualStudioVersion = 16.0.31702.278
MinimumVisualStudioVersion = 10.0.40219.1
Project("{9A19103F-16F7-4668-BE54-9A1E7A4F7556}") = "ListOps", "ListOps.csproj", "{5198FF33-1B53-4790-BA66-A501B325491C}"
EndProject
Global
	GlobalSection(SolutionConfigurationPlatforms) = preSolution
		Debug|Any CPU = Debug|Any CPU
		Release|Any CPU = Release|Any CPU
	EndGlobalSection
	GlobalSection(ProjectConfigurationPlatforms) = postSolution
		{5198FF33-1B53-4790-BA66-A501B325491C}.Debug|Any CPU.ActiveCfg = Debug|Any CPU
		{5198FF33-1B53-4790-BA66-A501B325491C}.Debug|Any CPU.Build.0 = Debug|Any CPU
		{5198FF33-1B53-4790-BA66-A501B325491C}.Release|Any CPU.ActiveCfg = Release|Any CPU
		{5198FF33-1B53-4790-BA66-A501B325491C}.Release|Any CPU.Build.0 = Release|Any CPU
	EndGlobalSection
	GlobalSection(SolutionProperties) = preSolution
		HideSolutionNode = FALSE
	EndGlobalSection
	GlobalSection(ExtensibilityGlobals) = postSolution
		SolutionGuid = {FDB50083-F75A-4D09-8B26-CF83FD5E046C}
	EndGlobalSection
EndGlobal
