
Microsoft Visual Studio Solution File, Format Version 12.00
# Visual Studio Version 16
VisualStudioVersion = 16.0.31112.23
MinimumVisualStudioVersion = 10.0.40219.1
Project("{9A19103F-16F7-4668-BE54-9A1E7A4F7556}") = "Leap", "Leap.csproj", "{3C2B4648-FD45-46B2-B7C1-80F6D60F3FB8}"
EndProject
Global
	GlobalSection(SolutionConfigurationPlatforms) = preSolution
		Debug|Any CPU = Debug|Any CPU
		Release|Any CPU = Release|Any CPU
	EndGlobalSection
	GlobalSection(ProjectConfigurationPlatforms) = postSolution
		{3C2B4648-FD45-46B2-B7C1-80F6D60F3FB8}.Debug|Any CPU.ActiveCfg = Debug|Any CPU
		{3C2B4648-FD45-46B2-B7C1-80F6D60F3FB8}.Debug|Any CPU.Build.0 = Debug|Any CPU
		{3C2B4648-FD45-46B2-B7C1-80F6D60F3FB8}.Release|Any CPU.ActiveCfg = Release|Any CPU
		{3C2B4648-FD45-46B2-B7C1-80F6D60F3FB8}.Release|Any CPU.Build.0 = Release|Any CPU
	EndGlobalSection
	GlobalSection(SolutionProperties) = preSolution
		HideSolutionNode = FALSE
	EndGlobalSection
	GlobalSection(ExtensibilityGlobals) = postSolution
		SolutionGuid = {52A358B5-9DA5-413A-98A4-385432778ED0}
	EndGlobalSection
EndGlobal
