
Microsoft Visual Studio Solution File, Format Version 12.00
# Visual Studio Version 17
VisualStudioVersion = 17.5.33414.496
MinimumVisualStudioVersion = 10.0.40219.1
Project("{9A19103F-16F7-4668-BE54-9A1E7A4F7556}") = "VariableLengthQuantity", "VariableLengthQuantity.csproj", "{7FE24A9D-3965-433B-BB1B-16501D2E79A7}"
EndProject
Global
	GlobalSection(SolutionConfigurationPlatforms) = preSolution
		Debug|Any CPU = Debug|Any CPU
		Release|Any CPU = Release|Any CPU
	EndGlobalSection
	GlobalSection(ProjectConfigurationPlatforms) = postSolution
		{7FE24A9D-3965-433B-BB1B-16501D2E79A7}.Debug|Any CPU.ActiveCfg = Debug|Any CPU
		{7FE24A9D-3965-433B-BB1B-16501D2E79A7}.Debug|Any CPU.Build.0 = Debug|Any CPU
		{7FE24A9D-3965-433B-BB1B-16501D2E79A7}.Release|Any CPU.ActiveCfg = Release|Any CPU
		{7FE24A9D-3965-433B-BB1B-16501D2E79A7}.Release|Any CPU.Build.0 = Release|Any CPU
	EndGlobalSection
	GlobalSection(SolutionProperties) = preSolution
		HideSolutionNode = FALSE
	EndGlobalSection
	GlobalSection(ExtensibilityGlobals) = postSolution
		SolutionGuid = {6083F9E7-1797-454A-B003-8580351A70B8}
	EndGlobalSection
EndGlobal
