
Microsoft Visual Studio Solution File, Format Version 12.00
# Visual Studio Version 16
VisualStudioVersion = 16.0.31112.23
MinimumVisualStudioVersion = 10.0.40219.1
Project("{9A19103F-16F7-4668-BE54-9A1E7A4F7556}") = "Series", "Series.csproj", "{150B4C6E-1FD9-4800-AD27-199321705851}"
EndProject
Global
	GlobalSection(SolutionConfigurationPlatforms) = preSolution
		Debug|Any CPU = Debug|Any CPU
		Release|Any CPU = Release|Any CPU
	EndGlobalSection
	GlobalSection(ProjectConfigurationPlatforms) = postSolution
		{150B4C6E-1FD9-4800-AD27-199321705851}.Debug|Any CPU.ActiveCfg = Debug|Any CPU
		{150B4C6E-1FD9-4800-AD27-199321705851}.Debug|Any CPU.Build.0 = Debug|Any CPU
		{150B4C6E-1FD9-4800-AD27-199321705851}.Release|Any CPU.ActiveCfg = Release|Any CPU
		{150B4C6E-1FD9-4800-AD27-199321705851}.Release|Any CPU.Build.0 = Release|Any CPU
	EndGlobalSection
	GlobalSection(SolutionProperties) = preSolution
		HideSolutionNode = FALSE
	EndGlobalSection
	GlobalSection(ExtensibilityGlobals) = postSolution
		SolutionGuid = {89808DF6-A4AA-4EA0-88F8-114A93A25C40}
	EndGlobalSection
EndGlobal
