
Microsoft Visual Studio Solution File, Format Version 12.00
# Visual Studio Version 16
VisualStudioVersion = 16.0.31205.134
MinimumVisualStudioVersion = 10.0.40219.1
Project("{9A19103F-16F7-4668-BE54-9A1E7A4F7556}") = "Hamming", "Hamming.csproj", "{12236BB9-A600-421F-942E-F246D2FDAE1A}"
EndProject
Global
	GlobalSection(SolutionConfigurationPlatforms) = preSolution
		Debug|Any CPU = Debug|Any CPU
		Release|Any CPU = Release|Any CPU
	EndGlobalSection
	GlobalSection(ProjectConfigurationPlatforms) = postSolution
		{12236BB9-A600-421F-942E-F246D2FDAE1A}.Debug|Any CPU.ActiveCfg = Debug|Any CPU
		{12236BB9-A600-421F-942E-F246D2FDAE1A}.Debug|Any CPU.Build.0 = Debug|Any CPU
		{12236BB9-A600-421F-942E-F246D2FDAE1A}.Release|Any CPU.ActiveCfg = Release|Any CPU
		{12236BB9-A600-421F-942E-F246D2FDAE1A}.Release|Any CPU.Build.0 = Release|Any CPU
	EndGlobalSection
	GlobalSection(SolutionProperties) = preSolution
		HideSolutionNode = FALSE
	EndGlobalSection
	GlobalSection(ExtensibilityGlobals) = postSolution
		SolutionGuid = {84C1D0D9-444F-48D7-91AA-790181BE685F}
	EndGlobalSection
EndGlobal
