
Microsoft Visual Studio Solution File, Format Version 12.00
# Visual Studio Version 17
VisualStudioVersion = 17.5.33414.496
MinimumVisualStudioVersion = 10.0.40219.1
Project("{9A19103F-16F7-4668-BE54-9A1E7A4F7556}") = "Sublist", "Sublist.csproj", "{39598A4F-D1B4-45D1-84B1-D76CF277892C}"
EndProject
Global
	GlobalSection(SolutionConfigurationPlatforms) = preSolution
		Debug|Any CPU = Debug|Any CPU
		Release|Any CPU = Release|Any CPU
	EndGlobalSection
	GlobalSection(ProjectConfigurationPlatforms) = postSolution
		{39598A4F-D1B4-45D1-84B1-D76CF277892C}.Debug|Any CPU.ActiveCfg = Debug|Any CPU
		{39598A4F-D1B4-45D1-84B1-D76CF277892C}.Debug|Any CPU.Build.0 = Debug|Any CPU
		{39598A4F-D1B4-45D1-84B1-D76CF277892C}.Release|Any CPU.ActiveCfg = Release|Any CPU
		{39598A4F-D1B4-45D1-84B1-D76CF277892C}.Release|Any CPU.Build.0 = Release|Any CPU
	EndGlobalSection
	GlobalSection(SolutionProperties) = preSolution
		HideSolutionNode = FALSE
	EndGlobalSection
	GlobalSection(ExtensibilityGlobals) = postSolution
		SolutionGuid = {619046CB-7A58-4C05-8104-CAB57A5145F3}
	EndGlobalSection
EndGlobal
