
Microsoft Visual Studio Solution File, Format Version 12.00
# Visual Studio Version 16
VisualStudioVersion = 16.0.31112.23
MinimumVisualStudioVersion = 10.0.40219.1
Project("{9A19103F-16F7-4668-BE54-9A1E7A4F7556}") = "Pangram", "Pangram.csproj", "{C16B26A4-19B6-4B6A-9DBF-0F75C6C6F75A}"
EndProject
Global
	GlobalSection(SolutionConfigurationPlatforms) = preSolution
		Debug|Any CPU = Debug|Any CPU
		Release|Any CPU = Release|Any CPU
	EndGlobalSection
	GlobalSection(ProjectConfigurationPlatforms) = postSolution
		{C16B26A4-19B6-4B6A-9DBF-0F75C6C6F75A}.Debug|Any CPU.ActiveCfg = Debug|Any CPU
		{C16B26A4-19B6-4B6A-9DBF-0F75C6C6F75A}.Debug|Any CPU.Build.0 = Debug|Any CPU
		{C16B26A4-19B6-4B6A-9DBF-0F75C6C6F75A}.Release|Any CPU.ActiveCfg = Release|Any CPU
		{C16B26A4-19B6-4B6A-9DBF-0F75C6C6F75A}.Release|Any CPU.Build.0 = Release|Any CPU
	EndGlobalSection
	GlobalSection(SolutionProperties) = preSolution
		HideSolutionNode = FALSE
	EndGlobalSection
	GlobalSection(ExtensibilityGlobals) = postSolution
		SolutionGuid = {BB7C95BB-A71E-4D89-8AFE-A648411C1636}
	EndGlobalSection
EndGlobal
