
Microsoft Visual Studio Solution File, Format Version 12.00
# Visual Studio Version 16
VisualStudioVersion = 16.0.31605.320
MinimumVisualStudioVersion = 10.0.40219.1
Project("{9A19103F-16F7-4668-BE54-9A1E7A4F7556}") = "InternationalCallingConnoisseur", "InternationalCallingConnoisseur.csproj", "{30246FA4-1BB0-480A-BC6F-E264F0CE4446}"
EndProject
Global
	GlobalSection(SolutionConfigurationPlatforms) = preSolution
		Debug|Any CPU = Debug|Any CPU
		Release|Any CPU = Release|Any CPU
	EndGlobalSection
	GlobalSection(ProjectConfigurationPlatforms) = postSolution
		{30246FA4-1BB0-480A-BC6F-E264F0CE4446}.Debug|Any CPU.ActiveCfg = Debug|Any CPU
		{30246FA4-1BB0-480A-BC6F-E264F0CE4446}.Debug|Any CPU.Build.0 = Debug|Any CPU
		{30246FA4-1BB0-480A-BC6F-E264F0CE4446}.Release|Any CPU.ActiveCfg = Release|Any CPU
		{30246FA4-1BB0-480A-BC6F-E264F0CE4446}.Release|Any CPU.Build.0 = Release|Any CPU
	EndGlobalSection
	GlobalSection(SolutionProperties) = preSolution
		HideSolutionNode = FALSE
	EndGlobalSection
	GlobalSection(ExtensibilityGlobals) = postSolution
		SolutionGuid = {54D08263-0887-4101-BCE0-CC454832BD4C}
	EndGlobalSection
EndGlobal
