
Microsoft Visual Studio Solution File, Format Version 12.00
# Visual Studio Version 17
VisualStudioVersion = 17.5.33414.496
MinimumVisualStudioVersion = 10.0.40219.1
Project("{9A19103F-16F7-4668-BE54-9A1E7A4F7556}") = "SecretHandshake", "SecretHandshake.csproj", "{F5CB52B1-FB3C-453E-8CCE-E6A5198C587C}"
EndProject
Global
	GlobalSection(SolutionConfigurationPlatforms) = preSolution
		Debug|Any CPU = Debug|Any CPU
		Release|Any CPU = Release|Any CPU
	EndGlobalSection
	GlobalSection(ProjectConfigurationPlatforms) = postSolution
		{F5CB52B1-FB3C-453E-8CCE-E6A5198C587C}.Debug|Any CPU.ActiveCfg = Debug|Any CPU
		{F5CB52B1-FB3C-453E-8CCE-E6A5198C587C}.Debug|Any CPU.Build.0 = Debug|Any CPU
		{F5CB52B1-FB3C-453E-8CCE-E6A5198C587C}.Release|Any CPU.ActiveCfg = Release|Any CPU
		{F5CB52B1-FB3C-453E-8CCE-E6A5198C587C}.Release|Any CPU.Build.0 = Release|Any CPU
	EndGlobalSection
	GlobalSection(SolutionProperties) = preSolution
		HideSolutionNode = FALSE
	EndGlobalSection
	GlobalSection(ExtensibilityGlobals) = postSolution
		SolutionGuid = {1299D16C-5610-468C-AE8B-71922FB3F5E4}
	EndGlobalSection
EndGlobal
