
Microsoft Visual Studio Solution File, Format Version 12.00
# Visual Studio Version 16
VisualStudioVersion = 16.0.31702.278
MinimumVisualStudioVersion = 10.0.40219.1
Project("{9A19103F-16F7-4668-BE54-9A1E7A4F7556}") = "RotationalCipher", "RotationalCipher.csproj", "{81AB358D-52E8-49F5-8798-13176DE5109E}"
EndProject
Global
	GlobalSection(SolutionConfigurationPlatforms) = preSolution
		Debug|Any CPU = Debug|Any CPU
		Release|Any CPU = Release|Any CPU
	EndGlobalSection
	GlobalSection(ProjectConfigurationPlatforms) = postSolution
		{81AB358D-52E8-49F5-8798-13176DE5109E}.Debug|Any CPU.ActiveCfg = Debug|Any CPU
		{81AB358D-52E8-49F5-8798-13176DE5109E}.Debug|Any CPU.Build.0 = Debug|Any CPU
		{81AB358D-52E8-49F5-8798-13176DE5109E}.Release|Any CPU.ActiveCfg = Release|Any CPU
		{81AB358D-52E8-49F5-8798-13176DE5109E}.Release|Any CPU.Build.0 = Release|Any CPU
	EndGlobalSection
	GlobalSection(SolutionProperties) = preSolution
		HideSolutionNode = FALSE
	EndGlobalSection
	GlobalSection(ExtensibilityGlobals) = postSolution
		SolutionGuid = {7DA7CDA8-3EA3-4C2F-83C2-63C3D3ED392F}
	EndGlobalSection
EndGlobal
