
Microsoft Visual Studio Solution File, Format Version 12.00
# Visual Studio Version 17
VisualStudioVersion = 17.5.33414.496
MinimumVisualStudioVersion = 10.0.40219.1
Project("{9A19103F-16F7-4668-BE54-9A1E7A4F7556}") = "Pov", "Pov.csproj", "{AB8AA344-32D3-418E-9942-6BC5D2A0DC73}"
EndProject
Global
	GlobalSection(SolutionConfigurationPlatforms) = preSolution
		Debug|Any CPU = Debug|Any CPU
		Release|Any CPU = Release|Any CPU
	EndGlobalSection
	GlobalSection(ProjectConfigurationPlatforms) = postSolution
		{AB8AA344-32D3-418E-9942-6BC5D2A0DC73}.Debug|Any CPU.ActiveCfg = Debug|Any CPU
		{AB8AA344-32D3-418E-9942-6BC5D2A0DC73}.Debug|Any CPU.Build.0 = Debug|Any CPU
		{AB8AA344-32D3-418E-9942-6BC5D2A0DC73}.Release|Any CPU.ActiveCfg = Release|Any CPU
		{AB8AA344-32D3-418E-9942-6BC5D2A0DC73}.Release|Any CPU.Build.0 = Release|Any CPU
	EndGlobalSection
	GlobalSection(SolutionProperties) = preSolution
		HideSolutionNode = FALSE
	EndGlobalSection
	GlobalSection(ExtensibilityGlobals) = postSolution
		SolutionGuid = {353E45B9-255D-40C2-848A-74E82A8203BF}
	EndGlobalSection
EndGlobal
