
Microsoft Visual Studio Solution File, Format Version 12.00
# Visual Studio Version 16
VisualStudioVersion = 16.0.31112.23
MinimumVisualStudioVersion = 10.0.40219.1
Project("{9A19103F-16F7-4668-BE54-9A1E7A4F7556}") = "DifferenceOfSquares", "DifferenceOfSquares.csproj", "{831E5E24-B300-4747-A66E-7923746A2806}"
EndProject
Global
	GlobalSection(SolutionConfigurationPlatforms) = preSolution
		Debug|Any CPU = Debug|Any CPU
		Release|Any CPU = Release|Any CPU
	EndGlobalSection
	GlobalSection(ProjectConfigurationPlatforms) = postSolution
		{831E5E24-B300-4747-A66E-7923746A2806}.Debug|Any CPU.ActiveCfg = Debug|Any CPU
		{831E5E24-B300-4747-A66E-7923746A2806}.Debug|Any CPU.Build.0 = Debug|Any CPU
		{831E5E24-B300-4747-A66E-7923746A2806}.Release|Any CPU.ActiveCfg = Release|Any CPU
		{831E5E24-B300-4747-A66E-7923746A2806}.Release|Any CPU.Build.0 = Release|Any CPU
	EndGlobalSection
	GlobalSection(SolutionProperties) = preSolution
		HideSolutionNode = FALSE
	EndGlobalSection
	GlobalSection(ExtensibilityGlobals) = postSolution
		SolutionGuid = {9551864E-CF20-4220-987A-071B1CE1010F}
	EndGlobalSection
EndGlobal
